// !$*UTF8*$!
{
	archiveVersion = 1;
	classes = {
	};
	objectVersion = 56;
	objects = {

/* Begin PBXBuildFile section */
		EB5767172ABF49730086AA03 /* AppDelegate.swift in Sources */ = {isa = PBXBuildFile; fileRef = EB5767162ABF49730086AA03 /* AppDelegate.swift */; };
		EB5767192ABF49730086AA03 /* SceneDelegate.swift in Sources */ = {isa = PBXBuildFile; fileRef = EB5767182ABF49730086AA03 /* SceneDelegate.swift */; };
		EB57671B2ABF49730086AA03 /* ViewController.swift in Sources */ = {isa = PBXBuildFile; fileRef = EB57671A2ABF49730086AA03 /* ViewController.swift */; };
		EB57671E2ABF49730086AA03 /* Main.storyboard in Resources */ = {isa = PBXBuildFile; fileRef = EB57671C2ABF49730086AA03 /* Main.storyboard */; };
		EB5767202ABF49740086AA03 /* Assets.xcassets in Resources */ = {isa = PBXBuildFile; fileRef = EB57671F2ABF49740086AA03 /* Assets.xcassets */; };
		EB5767232ABF49740086AA03 /* LaunchScreen.storyboard in Resources */ = {isa = PBXBuildFile; fileRef = EB5767212ABF49740086AA03 /* LaunchScreen.storyboard */; };
		EB5767302ABF49D70086AA03 /* background.png in Resources */ = {isa = PBXBuildFile; fileRef = EB57672B2ABF49D70086AA03 /* background.png */; };
		EB5767312ABF49D70086AA03 /* heart.png in Resources */ = {isa = PBXBuildFile; fileRef = EB57672C2ABF49D70086AA03 /* heart.png */; };
		EB5767322ABF49D70086AA03 /* cloud.png in Resources */ = {isa = PBXBuildFile; fileRef = EB57672D2ABF49D70086AA03 /* cloud.png */; };
		EB5767332ABF49D70086AA03 /* flower.png in Resources */ = {isa = PBXBuildFile; fileRef = EB57672E2ABF49D70086AA03 /* flower.png */; };
		EB5767342ABF49D70086AA03 /* star.png in Resources */ = {isa = PBXBuildFile; fileRef = EB57672F2ABF49D70086AA03 /* star.png */; };
/* End PBXBuildFile section */

/* Begin PBXFileReference section */
		EB5767132ABF49730086AA03 /* TouchEvent.app */ = {isa = PBXFileReference; explicitFileType = wrapper.application; includeInIndex = 0; path = TouchEvent.app; sourceTree = BUILT_PRODUCTS_DIR; };
		EB5767162ABF49730086AA03 /* AppDelegate.swift */ = {isa = PBXFileReference; lastKnownFileType = sourcecode.swift; path = AppDelegate.swift; sourceTree = "<group>"; };
		EB5767182ABF49730086AA03 /* SceneDelegate.swift */ = {isa = PBXFileReference; lastKnownFileType = sourcecode.swift; path = SceneDelegate.swift; sourceTree = "<group>"; };
		EB57671A2ABF49730086AA03 /* ViewController.swift */ = {isa = PBXFileReference; lastKnownFileType = sourcecode.swift; path = ViewController.swift; sourceTree = "<group>"; };
		EB57671D2ABF49730086AA03 /* Base */ = {isa = PBXFileReference; lastKnownFileType = file.storyboard; name = Base; path = Base.lproj/Main.storyboard; sourceTree = "<group>"; };
		EB57671F2ABF49740086AA03 /* Assets.xcassets */ = {isa = PBXFileReference; lastKnownFileType = folder.assetcatalog; path = Assets.xcassets; sourceTree = "<group>"; };
		EB5767222ABF49740086AA03 /* Base */ = {isa = PBXFileReference; lastKnownFileType = file.storyboard; name = Base; path = Base.lproj/LaunchScreen.storyboard; sourceTree = "<group>"; };
		EB5767242ABF49740086AA03 /* Info.plist */ = {isa = PBXFileReference; lastKnownFileType = text.plist.xml; path = Info.plist; sourceTree = "<group>"; };
		EB57672B2ABF49D70086AA03 /* background.png */ = {isa = PBXFileReference; lastKnownFileType = image.png; path = background.png; sourceTree = "<group>"; };
		EB57672C2ABF49D70086AA03 /* heart.png */ = {isa = PBXFileReference; lastKnownFileType = image.png; path = heart.png; sourceTree = "<group>"; };
		EB57672D2ABF49D70086AA03 /* cloud.png */ = {isa = PBXFileReference; lastKnownFileType = image.png; path = cloud.png; sourceTree = "<group>"; };
		EB57672E2ABF49D70086AA03 /* flower.png */ = {isa = PBXFileReference; lastKnownFileType = image.png; path = flower.png; sourceTree = "<group>"; };
		EB57672F2ABF49D70086AA03 /* star.png */ = {isa = PBXFileReference; lastKnownFileType = image.png; path = star.png; sourceTree = "<group>"; };
/* End PBXFileReference section */

/* Begin PBXFrameworksBuildPhase section */
		EB5767102ABF49730086AA03 /* Frameworks */ = {
			isa = PBXFrameworksBuildPhase;
			buildActionMask = 2147483647;
			files = (
			);
			runOnlyForDeploymentPostprocessing = 0;
		};
/* End PBXFrameworksBuildPhase section */

/* Begin PBXGroup section */
		EB57670A2ABF49720086AA03 = {
			isa = PBXGroup;
			children = (
				EB5767152ABF49730086AA03 /* TouchEvent */,
				EB5767142ABF49730086AA03 /* Products */,
			);
			sourceTree = "<group>";
		};
		EB5767142ABF49730086AA03 /* Products */ = {
			isa = PBXGroup;
			children = (
				EB5767132ABF49730086AA03 /* TouchEvent.app */,
			);
			name = Products;
			sourceTree = "<group>";
		};
		EB5767152ABF49730086AA03 /* TouchEvent */ = {
			isa = PBXGroup;
			children = (
				EB5767162ABF49730086AA03 /* AppDelegate.swift */,
				EB5767182ABF49730086AA03 /* SceneDelegate.swift */,
				EB57671A2ABF49730086AA03 /* ViewController.swift */,
				EB57671C2ABF49730086AA03 /* Main.storyboard */,
				EB57671F2ABF49740086AA03 /* Assets.xcassets */,
				EB5767212ABF49740086AA03 /* LaunchScreen.storyboard */,
				EB5767242ABF49740086AA03 /* Info.plist */,
				EB57672A2ABF49D70086AA03 /* images */,
			);
			path = TouchEvent;
			sourceTree = "<group>";
		};
		EB57672A2ABF49D70086AA03 /* images */ = {
			isa = PBXGroup;
			children = (
				EB57672B2ABF49D70086AA03 /* background.png */,
				EB57672C2ABF49D70086AA03 /* heart.png */,
				EB57672D2ABF49D70086AA03 /* cloud.png */,
				EB57672E2ABF49D70086AA03 /* flower.png */,
				EB57672F2ABF49D70086AA03 /* star.png */,
			);
			path = images;
			sourceTree = "<group>";
		};
/* End PBXGroup section */

/* Begin PBXNativeTarget section */
		EB5767122ABF49730086AA03 /* TouchEvent */ = {
			isa = PBXNativeTarget;
			buildConfigurationList = EB5767272ABF49740086AA03 /* Build configuration list for PBXNativeTarget "TouchEvent" */;
			buildPhases = (
				EB57670F2ABF49730086AA03 /* Sources */,
				EB5767102ABF49730086AA03 /* Frameworks */,
				EB5767112ABF49730086AA03 /* Resources */,
			);
			buildRules = (
			);
			dependencies = (
			);
			name = TouchEvent;
			productName = TouchEvent;
			productReference = EB5767132ABF49730086AA03 /* TouchEvent.app */;
			productType = "com.apple.product-type.application";
		};
/* End PBXNativeTarget section */

/* Begin PBXProject section */
		EB57670B2ABF49720086AA03 /* Project object */ = {
			isa = PBXProject;
			attributes = {
				BuildIndependentTargetsInParallel = 1;
				LastSwiftUpdateCheck = 1430;
				LastUpgradeCheck = 1430;
				TargetAttributes = {
					EB5767122ABF49730086AA03 = {
						CreatedOnToolsVersion = 14.3.1;
					};
				};
			};
			buildConfigurationList = EB57670E2ABF49720086AA03 /* Build configuration list for PBXProject "TouchEvent" */;
			compatibilityVersion = "Xcode 14.0";
			developmentRegion = en;
			hasScannedForEncodings = 0;
			knownRegions = (
				en,
				Base,
			);
			mainGroup = EB57670A2ABF49720086AA03;
			productRefGroup = EB5767142ABF49730086AA03 /* Products */;
			projectDirPath = "";
			projectRoot = "";
			targets = (
				EB5767122ABF49730086AA03 /* TouchEvent */,
			);
		};
/* End PBXProject section */

/* Begin PBXResourcesBuildPhase section */
		EB5767112ABF49730086AA03 /* Resources */ = {
			isa = PBXResourcesBuildPhase;
			buildActionMask = 2147483647;
			files = (
				EB5767232ABF49740086AA03 /* LaunchScreen.storyboard in Resources */,
				EB5767302ABF49D70086AA03 /* background.png in Resources */,
				EB5767312ABF49D70086AA03 /* heart.png in Resources */,
				EB5767332ABF49D70086AA03 /* flower.png in Resources */,
				EB5767322ABF49D70086AA03 /* cloud.png in Resources */,
				EB5767342ABF49D70086AA03 /* star.png in Resources */,
				EB5767202ABF49740086AA03 /* Assets.xcassets in Resources */,
				EB57671E2ABF49730086AA03 /* Main.storyboard in Resources */,
			);
			runOnlyForDeploymentPostprocessing = 0;
		};
/* End PBXResourcesBuildPhase section */

/* Begin PBXSourcesBuildPhase section */
		EB57670F2ABF49730086AA03 /* Sources */ = {
			isa = PBXSourcesBuildPhase;
			buildActionMask = 2147483647;
			files = (
				EB57671B2ABF49730086AA03 /* ViewController.swift in Sources */,
				EB5767172ABF49730086AA03 /* AppDelegate.swift in Sources */,
				EB5767192ABF49730086AA03 /* SceneDelegate.swift in Sources */,
			);
			runOnlyForDeploymentPostprocessing = 0;
		};
/* End PBXSourcesBuildPhase section */

/* Begin PBXVariantGroup section */
		EB57671C2ABF49730086AA03 /* Main.storyboard */ = {
			isa = PBXVariantGroup;
			children = (
				EB57671D2ABF49730086AA03 /* Base */,
			);
			name = Main.storyboard;
			sourceTree = "<group>";
		};
		EB5767212ABF49740086AA03 /* LaunchScreen.storyboard */ = {
			isa = PBXVariantGroup;
			children = (
				EB5767222ABF49740086AA03 /* Base */,
			);
			name = LaunchScreen.storyboard;
			sourceTree = "<group>";
		};
/* End PBXVariantGroup section */

/* Begin XCBuildConfiguration section */
		EB5767252ABF49740086AA03 /* Debug */ = {
			isa = XCBuildConfiguration;
			buildSettings = {
				ALWAYS_SEARCH_USER_PATHS = NO;
				CLANG_ANALYZER_NONNULL = YES;
				CLANG_ANALYZER_NUMBER_OBJECT_CONVERSION = YES_AGGRESSIVE;
				CLANG_CXX_LANGUAGE_STANDARD = "gnu++20";
				CLANG_ENABLE_MODULES = YES;
				CLANG_ENABLE_OBJC_ARC = YES;
				CLANG_ENABLE_OBJC_WEAK = YES;
				CLANG_WARN_BLOCK_CAPTURE_AUTORELEASING = YES;
				CLANG_WARN_BOOL_CONVERSION = YES;
				CLANG_WARN_COMMA = YES;
				CLANG_WARN_CONSTANT_CONVERSION = YES;
				CLANG_WARN_DEPRECATED_OBJC_IMPLEMENTATIONS = YES;
				CLANG_WARN_DIRECT_OBJC_ISA_USAGE = YES_ERROR;
				CLANG_WARN_DOCUMENTATION_COMMENTS = YES;
				CLANG_WARN_EMPTY_BODY = YES;
				CLANG_WARN_ENUM_CONVERSION = YES;
				CLANG_WARN_INFINITE_RECURSION = YES;
				CLANG_WARN_INT_CONVERSION = YES;
				CLANG_WARN_NON_LITERAL_NULL_CONVERSION = YES;
				CLANG_WARN_OBJC_IMPLICIT_RETAIN_SELF = YES;
				CLANG_WARN_OBJC_LITERAL_CONVERSION = YES;
				CLANG_WARN_OBJC_ROOT_CLASS = YES_ERROR;
				CLANG_WARN_QUOTED_INCLUDE_IN_FRAMEWORK_HEADER = YES;
				CLANG_WARN_RANGE_LOOP_ANALYSIS = YES;
				CLANG_WARN_STRICT_PROTOTYPES = YES;
				CLANG_WARN_SUSPICIOUS_MOVE = YES;
				CLANG_WARN_UNGUARDED_AVAILABILITY = YES_AGGRESSIVE;
				CLANG_WARN_UNREACHABLE_CODE = YES;
				CLANG_WARN__DUPLICATE_METHOD_MATCH = YES;
				COPY_PHASE_STRIP = NO;
				DEBUG_INFORMATION_FORMAT = dwarf;
				ENABLE_STRICT_OBJC_MSGSEND = YES;
				ENABLE_TESTABILITY = YES;
				GCC_C_LANGUAGE_STANDARD = gnu11;
				GCC_DYNAMIC_NO_PIC = NO;
				GCC_NO_COMMON_BLOCKS = YES;
				GCC_OPTIMIZATION_LEVEL = 0;
				GCC_PREPROCESSOR_DEFINITIONS = (
					"DEBUG=1",
					"$(inherited)",
				);
				GCC_WARN_64_TO_32_BIT_CONVERSION = YES;
				GCC_WARN_ABOUT_RETURN_TYPE = YES_ERROR;
				GCC_WARN_UNDECLARED_SELECTOR = YES;
				GCC_WARN_UNINITIALIZED_AUTOS = YES_AGGRESSIVE;
				GCC_WARN_UNUSED_FUNCTION = YES;
				GCC_WARN_UNUSED_VARIABLE = YES;
				IPHONEOS_DEPLOYMENT_TARGET = 16.4;
				MTL_ENABLE_DEBUG_INFO = INCLUDE_SOURCE;
				MTL_FAST_MATH = YES;
				ONLY_ACTIVE_ARCH = YES;
				SDKROOT = iphoneos;
				SWIFT_ACTIVE_COMPILATION_CONDITIONS = DEBUG;
				SWIFT_OPTIMIZATION_LEVEL = "-Onone";
			};
			name = Debug;
		};
		EB5767262ABF49740086AA03 /* Release */ = {
			isa = XCBuildConfiguration;
			buildSettings = {
				ALWAYS_SEARCH_USER_PATHS = NO;
				CLANG_ANALYZER_NONNULL = YES;
				CLANG_ANALYZER_NUMBER_OBJECT_CONVERSION = YES_AGGRESSIVE;
				CLANG_CXX_LANGUAGE_STANDARD = "gnu++20";
				CLANG_ENABLE_MODULES = YES;
				CLANG_ENABLE_OBJC_ARC = YES;
				CLANG_ENABLE_OBJC_WEAK = YES;
				CLANG_WARN_BLOCK_CAPTURE_AUTORELEASING = YES;
				CLANG_WARN_BOOL_CONVERSION = YES;
				CLANG_WARN_COMMA = YES;
				CLANG_WARN_CONSTANT_CONVERSION = YES;
				CLANG_WARN_DEPRECATED_OBJC_IMPLEMENTATIONS = YES;
				CLANG_WARN_DIRECT_OBJC_ISA_USAGE = YES_ERROR;
				CLANG_WARN_DOCUMENTATION_COMMENTS = YES;
				CLANG_WARN_EMPTY_BODY = YES;
				CLANG_WARN_ENUM_CONVERSION = YES;
				CLANG_WARN_INFINITE_RECURSION = YES;
				CLANG_WARN_INT_CONVERSION = YES;
				CLANG_WARN_NON_LITERAL_NULL_CONVERSION = YES;
				CLANG_WARN_OBJC_IMPLICIT_RETAIN_SELF = YES;
				CLANG_WARN_OBJC_LITERAL_CONVERSION = YES;
				CLANG_WARN_OBJC_ROOT_CLASS = YES_ERROR;
				CLANG_WARN_QUOTED_INCLUDE_IN_FRAMEWORK_HEADER = YES;
				CLANG_WARN_RANGE_LOOP_ANALYSIS = YES;
				CLANG_WARN_STRICT_PROTOTYPES = YES;
				CLANG_WARN_SUSPICIOUS_MOVE = YES;
				CLANG_WARN_UNGUARDED_AVAILABILITY = YES_AGGRESSIVE;
				CLANG_WARN_UNREACHABLE_CODE = YES;
				CLANG_WARN__DUPLICATE_METHOD_MATCH = YES;
				COPY_PHASE_STRIP = NO;
				DEBUG_INFORMATION_FORMAT = "dwarf-with-dsym";
				ENABLE_NS_ASSERTIONS = NO;
				ENABLE_STRICT_OBJC_MSGSEND = YES;
				GCC_C_LANGUAGE_STANDARD = gnu11;
				GCC_NO_COMMON_BLOCKS = YES;
				GCC_WARN_64_TO_32_BIT_CONVERSION = YES;
				GCC_WARN_ABOUT_RETURN_TYPE = YES_ERROR;
				GCC_WARN_UNDECLARED_SELECTOR = YES;
				GCC_WARN_UNINITIALIZED_AUTOS = YES_AGGRESSIVE;
				GCC_WARN_UNUSED_FUNCTION = YES;
				GCC_WARN_UNUSED_VARIABLE = YES;
				IPHONEOS_DEPLOYMENT_TARGET = 16.4;
				MTL_ENABLE_DEBUG_INFO = NO;
				MTL_FAST_MATH = YES;
				SDKROOT = iphoneos;
				SWIFT_COMPILATION_MODE = wholemodule;
				SWIFT_OPTIMIZATION_LEVEL = "-O";
				VALIDATE_PRODUCT = YES;
			};
			name = Release;
		};
		EB5767282ABF49740086AA03 /* Debug */ = {
			isa = XCBuildConfiguration;
			buildSettings = {
				ASSETCATALOG_COMPILER_APPICON_NAME = AppIcon;
				ASSETCATALOG_COMPILER_GLOBAL_ACCENT_COLOR_NAME = AccentColor;
				CODE_SIGN_STYLE = Automatic;
				CURRENT_PROJECT_VERSION = 1;
				DEVELOPMENT_TEAM = 5VXR3TJUR7;
				GENERATE_INFOPLIST_FILE = YES;
				INFOPLIST_FILE = TouchEvent/Info.plist;
				INFOPLIST_KEY_UIApplicationSupportsIndirectInputEvents = YES;
				INFOPLIST_KEY_UILaunchStoryboardName = LaunchScreen;
				INFOPLIST_KEY_UIMainStoryboardFile = Main;
				INFOPLIST_KEY_UISupportedInterfaceOrientations_iPad = "UIInterfaceOrientationPortrait UIInterfaceOrientationPortraitUpsideDown UIInterfaceOrientationLandscapeLeft UIInterfaceOrientationLandscapeRight";
				INFOPLIST_KEY_UISupportedInterfaceOrientations_iPhone = "UIInterfaceOrientationPortrait UIInterfaceOrientationLandscapeLeft UIInterfaceOrientationLandscapeRight";
				IPHONEOS_DEPLOYMENT_TARGET = 16.0;
				LD_RUNPATH_SEARCH_PATHS = (
					"$(inherited)",
					"@executable_path/Frameworks",
				);
				MARKETING_VERSION = 1.0;
				PRODUCT_BUNDLE_IDENTIFIER = app.myoji.nickname.TouchEvent;
				PRODUCT_NAME = "$(TARGET_NAME)";
				SWIFT_EMIT_LOC_STRINGS = YES;
				SWIFT_VERSION = 5.0;
				TARGETED_DEVICE_FAMILY = "1,2";
			};
			name = Debug;
		};
		EB5767292ABF49740086AA03 /* Release */ = {
			isa = XCBuildConfiguration;
			buildSettings = {
				ASSETCATALOG_COMPILER_APPICON_NAME = AppIcon;
				ASSETCATALOG_COMPILER_GLOBAL_ACCENT_COLOR_NAME = AccentColor;
				CODE_SIGN_STYLE = Automatic;
				CURRENT_PROJECT_VERSION = 1;
				DEVELOPMENT_TEAM = 5VXR3TJUR7;
				GENERATE_INFOPLIST_FILE = YES;
				INFOPLIST_FILE = TouchEvent/Info.plist;
				INFOPLIST_KEY_UIApplicationSupportsIndirectInputEvents = YES;
				INFOPLIST_KEY_UILaunchStoryboardName = LaunchScreen;
				INFOPLIST_KEY_UIMainStoryboardFile = Main;
				INFOPLIST_KEY_UISupportedInterfaceOrientations_iPad = "UIInterfaceOrientationPortrait UIInterfaceOrientationPortraitUpsideDown UIInterfaceOrientationLandscapeLeft UIInterfaceOrientationLandscapeRight";
				INFOPLIST_KEY_UISupportedInterfaceOrientations_iPhone = "UIInterfaceOrientationPortrait UIInterfaceOrientationLandscapeLeft UIInterfaceOrientationLandscapeRight";
				IPHONEOS_DEPLOYMENT_TARGET = 16.0;
				LD_RUNPATH_SEARCH_PATHS = (
					"$(inherited)",
					"@executable_path/Frameworks",
				);
				MARKETING_VERSION = 1.0;
				PRODUCT_BUNDLE_IDENTIFIER = app.myoji.nickname.TouchEvent;
				PRODUCT_NAME = "$(TARGET_NAME)";
				SWIFT_EMIT_LOC_STRINGS = YES;
				SWIFT_VERSION = 5.0;
				TARGETED_DEVICE_FAMILY = "1,2";
			};
			name = Release;
		};
/* End XCBuildConfiguration section */

/* Begin XCConfigurationList section */
		EB57670E2ABF49720086AA03 /* Build configuration list for PBXProject "TouchEvent" */ = {
			isa = XCConfigurationList;
			buildConfigurations = (
				EB5767252ABF49740086AA03 /* Debug */,
				EB5767262ABF49740086AA03 /* Release */,
			);
			defaultConfigurationIsVisible = 0;
			defaultConfigurationName = Release;
		};
		EB5767272ABF49740086AA03 /* Build configuration list for PBXNativeTarget "TouchEvent" */ = {
			isa = XCConfigurationList;
			buildConfigurations = (
				EB5767282ABF49740086AA03 /* Debug */,
				EB5767292ABF49740086AA03 /* Release */,
			);
			defaultConfigurationIsVisible = 0;
			defaultConfigurationName = Release;
		};
/* End XCConfigurationList section */
	};
	rootObject = EB57670B2ABF49720086AA03 /* Project object */;
}
